{
    "_meta": {
        "hash": {
            "sha256": "995097dc9cc2b2c7d014091000de12eaa8b9169414468ede9ad982030d8bcbfc"
        },
        "pipfile-spec": 6,
        "requires": {
            "python_version": "3.11"
        },
        "sources": [
            {
                "name": "pypi",
                "url": "https://pypi.org/simple",
                "verify_ssl": true
            }
        ]
    },
    "default": {
        "cdo": {
            "hashes": [
                "sha256:772abda398b6a102ff55be19fa7154c65af0bf2132d133bdea651e57a5ba895f"
            ],
            "index": "pypi",
            "markers": "python_full_version >= '2.7.0'",
            "version": "==1.6.1"
        },
        "cerberus": {
            "hashes": [
                "sha256:7649a5815024d18eb7c6aa5e7a95355c649a53aacfc9b050e9d0bf6bfa2af372",
                "sha256:81011e10266ef71b6ec6d50e60171258a5b134d69f8fb387d16e4936d0d47642"
            ],
            "index": "pypi",
            "version": "==1.3.5"
        },
        "certifi": {
            "hashes": [
                "sha256:1275f7a45be9464efc1173084eaa30f866fe2e47d389406136d332ed4967ec56",
                "sha256:b650d30f370c2b724812bee08008be0c4163b163ddaec3f2546c1caf65f191db"
            ],
            "markers": "python_version >= '3.6'",
            "version": "==2024.12.14"
        },
        "cftime": {
            "hashes": [
                "sha256:0baa9bc4850929da9f92c25329aa1f651e2d6f23e237504f337ee9e12a769f5d",
                "sha256:0ee2f5af8643aa1b47b7e388763a1a6e0dc05558cd2902cffb9cbcf954397648",
                "sha256:0f64ca83acc4e3029f737bf3a32530ffa1fbf53124f5bee70b47548bc58671a7",
                "sha256:1bf7be0a0afc87628cb8c8483412aac6e48e83877004faa0936afb5bf8a877ba",
                "sha256:1dcd1b140bf50da6775c56bd7ca179e84bd258b2f159b53eefd5c514b341f2bf",
                "sha256:24a7fb6cc541a027dab37fdeb695f8a2b21cd7d200be606f81b5abc38f2391e2",
                "sha256:2892b7e7654142d825655f60eb66c3e1af745901890316907071d44cf9a18d8a",
                "sha256:44e9f8052600803b55f8cb6bcac2be49405c21efa900ec77a9fb7f692db2f7a6",
                "sha256:50ac76cc9f10ab7bd46e44a71c51a6927051b499b4407df4f29ab13d741b942f",
                "sha256:568b69fc52f406e361db62a4d7a219c6fb0ced138937144c3b3a511648dd6c50",
                "sha256:5835b9d622f9304d1c23a35603a0f068739f428d902860f25e6e7e5a1b7cd8ea",
                "sha256:5c89766ebf088c097832ea618c24ed5075331f0b7bf8e9c2d4144aefbf2f1850",
                "sha256:5dcfc872f455db1f12eabe3c3ba98e93757cd60ed3526a53246e966ccde46c8a",
                "sha256:640911d2629f4a8f81f6bc0163a983b6b94f86d1007449b8cbfd926136cda253",
                "sha256:652700130dbcca3ae36dbb5b61ff360e62aa09fabcabc42ec521091a14389901",
                "sha256:6579c5c83cdf09d73aa94c7bc34925edd93c5f2c7dd28e074f568f7e376271a0",
                "sha256:6b731c7133d17b479ca0c3c46a7a04f96197f0a4d753f4c2284c3ff0447279b4",
                "sha256:6bb6b087f4b2513c37670bccd457e2a666ca489c5f2aad6e2c0e94604dc1b5b9",
                "sha256:7d9bdeb9174962c9ca00015190bfd693de6b0ec3ec0b3dbc35c693a4f48efdcc",
                "sha256:7f27113f7ccd1ca32881fdcb9a4bec806a5f54ae621fc1c374f1171f3ed98ef2",
                "sha256:7f50bf0d1b664924aaee636eb2933746b942417d1f8b82ab6c1f6e8ba0da6885",
                "sha256:800a18aea4e8cb2b206450397cb8a53b154798738af3cdd3c922ce1ca198b0e6",
                "sha256:8e18021f421aa26527bad8688c1acf0c85fa72730beb6efce969c316743294f2",
                "sha256:933cb10e1af4e362e77f513e3eb92b34a688729ddbf938bbdfa5ac20a7f44ba0",
                "sha256:9df3e2d49e548c62d1939e923800b08d2ab732d3ac8d75b857edd7982c878552",
                "sha256:a4ab54e6c04e68395d454cd4001188fc4ade2fe48035589ed65af80c4527ef08",
                "sha256:a590f73506f4704ba5e154ef55bfbaed5e1b4ac170f3caeb8c58e4f2c619ee4e",
                "sha256:a90b6ef4a3fc65322c212a2c99cec75d1886f1ebaf0ff6189f7b327566762222",
                "sha256:c9ea0965a4c87739aebd84fe8eed966e5809d10065eeffd35c99c274b6f8da15",
                "sha256:cf17a1b36f62e9e73c4c9363dd811e1bbf1170f5ac26d343fb26012ccf482908",
                "sha256:d2a8c223faea7f1248ab469cc0d7795dd46f2a423789038f439fee7190bae259",
                "sha256:d7ebdfd81726b0cfb8b524309224fa952898dfa177c13d5f6af5b18cefbf497d",
                "sha256:da367b23eea7cf4df071c88e014a1600d6c5bbf22e3393a4af409903fa397e28",
                "sha256:e60b8f24b20753f7548f410f7510e28b941f336f84bd34e3cfd7874af6e70281",
                "sha256:e735cfd544878eb94d0108ff5a093bd1a332dba90f979a31a357756d609a90d5",
                "sha256:fc2c0abe2dbd147e1b1e6d0f3de19a5ea8b04956acc204830fd8418066090989"
            ],
            "markers": "python_version >= '3.8'",
            "version": "==1.6.4.post1"
        },
        "iniconfig": {
            "hashes": [
                "sha256:2d91e135bf72d31a410b17c16da610a82cb55f6b0477d1a902134b24a455b8b3",
                "sha256:b6a85871a79d2e3b22d2d1b94ac2824226a63c6b741c88f7ae975f18b6778374"
            ],
            "markers": "python_version >= '3.7'",
            "version": "==2.0.0"
        },
        "netcdf4": {
            "hashes": [
                "sha256:0187646e3348e7a8cd654617dda65517df138042c94c2fcc6682ff7c8c6654dc",
                "sha256:081e9043ac6160989f60570928eabe803c88ce7df1d3f79f2345dc48f68ef752",
                "sha256:10d2ac9ae1308ca837d86c6dc304ec455a85bdba0f2175e222844a54589168dc",
                "sha256:111357d9e12eb79e8d58bfd91bc6b230d35b17a0ebd8c546d17416e8ceebea49",
                "sha256:18255b8b283d32d3900092f29c67e53aa25bd8f0dfe7adde59fe782d865a381c",
                "sha256:19e16c63cdd7c0dbffe284a4a65f226ba1026f476f35cbedd099b4792b395f69",
                "sha256:1c5fede0b34c0a02a1b9e84116bfb3fcd2f80124a651d4836e72b785d10e2f15",
                "sha256:2455e9d35fde067e6a6bdc24aa9d44962235a071cec49904d1589e298c23dcd3",
                "sha256:2c210794d96431d92b5992e46ad8a9f97237bf6d6956f8816978a03dc0fa18c3",
                "sha256:3aaceea2097d292bad398d9f9b4fe403efa7b1568fcfa6faba9b67b1630027f9",
                "sha256:3de5512b9270aa6472e4f3aa2bf895a7364c1d4f8667ce3b82e8232197d4fec8",
                "sha256:4609dd62d14798c9524327287091875449d68588c128abb768fc0c76c4a28165",
                "sha256:4a8300451d7542d3c4ff1dcccf5fb1c7d44bdd1dc08ec77dab04416caf13cb1f",
                "sha256:53050562bac84738bbd121fbbee9593d074579f5d6fdaafcb981abeb5c964225",
                "sha256:574d7742ab321e5f9f33b5b1296c4ad4e5c469152c17d4fc453d5070e413e596",
                "sha256:824881d0aacfde5bd982d6adedd8574259c85553781e7b83e0ce82b890bfa0ef",
                "sha256:938c062382406bca9198b16adddd87c09b00521766b138cdfd11c95546eefeb8",
                "sha256:9a63a2be2f80977ac23bb0aa736c565011fd4639097ce0922e01b0dc38015df2",
                "sha256:9b47b22dda5b25ba6291f97634d7ac67b0a843f8ae5c9d9d5813c15364f66d0a",
                "sha256:9e5edfed673005f47f8d2fbea9c72c382b085dd358ac3c20ca743a563ed7b90e",
                "sha256:a1ab5dabac27d25fcc82c52dc29a74a6585e865208cce35f4e285df83d3df0b2",
                "sha256:a27db2701feef31201c9b20b04a9579196edc20dfc339ca423c7b81e462d6e14",
                "sha256:ad1101d538077152b866782e44458356981526bf2ea9cc07930bf28b589c82a7",
                "sha256:b20971a164431f6eca1d24df8aa153db15c2c1b9630e83ccc5cf004e8ac8151d",
                "sha256:b994afce2ca4073f6b757385a6c0ffec25ecaae2b8821535b303c7cdbf6de42b",
                "sha256:d23b97cbde2bf413fadc4697c5c255a0436511c02f811e127e0fb12f5b882a4c",
                "sha256:de4dc973fae9e2bbdf42e094125e423a4c25393172a61958314969b055a38889"
            ],
            "index": "pypi",
            "markers": "python_version >= '3.7'",
            "version": "==1.6.5"
        },
        "numpy": {
            "hashes": [
                "sha256:06934e1a22c54636a059215d6da99e23286424f316fddd979f5071093b648668",
                "sha256:1c59c046c31a43310ad0199d6299e59f57a289e22f0f36951ced1c9eac3665b9",
                "sha256:1d1bd82d539607951cac963388534da3b7ea0e18b149a53cf883d8f699178c0f",
                "sha256:1e11668d6f756ca5ef534b5be8653d16c5352cbb210a5c2a79ff288e937010d5",
                "sha256:3649d566e2fc067597125428db15d60eb42a4e0897fc48d28cb75dc2e0454e53",
                "sha256:59227c981d43425ca5e5c01094d59eb14e8772ce6975d4b2fc1e106a833d5ae2",
                "sha256:6081aed64714a18c72b168a9276095ef9155dd7888b9e74b5987808f0dd0a974",
                "sha256:6965888d65d2848e8768824ca8288db0a81263c1efccec881cb35a0d805fcd2f",
                "sha256:76ff661a867d9272cd2a99eed002470f46dbe0943a5ffd140f49be84f68ffc42",
                "sha256:78ca54b2f9daffa5f323f34cdf21e1d9779a54073f0018a3094ab907938331a2",
                "sha256:82e871307a6331b5f09efda3c22e03c095d957f04bf6bc1804f30048d0e5e7af",
                "sha256:8ab9163ca8aeb7fd32fe93866490654d2f7dda4e61bc6297bf72ce07fdc02f67",
                "sha256:9696aa2e35cc41e398a6d42d147cf326f8f9d81befcb399bc1ed7ffea339b64e",
                "sha256:97e5d6a9f0702c2863aaabf19f0d1b6c2628fbe476438ce0b5ce06e83085064c",
                "sha256:9f42284ebf91bdf32fafac29d29d4c07e5e9d1af862ea73686581773ef9e73a7",
                "sha256:a03fb25610ef560a6201ff06df4f8105292ba56e7cdd196ea350d123fc32e24e",
                "sha256:a5b411040beead47a228bde3b2241100454a6abde9df139ed087bd73fc0a4908",
                "sha256:af22f3d8e228d84d1c0c44c1fbdeb80f97a15a0abe4f080960393a00db733b66",
                "sha256:afd5ced4e5a96dac6725daeb5242a35494243f2239244fad10a90ce58b071d24",
                "sha256:b9d45d1dbb9de84894cc50efece5b09939752a2d75aab3a8b0cef6f3a35ecd6b",
                "sha256:bb894accfd16b867d8643fc2ba6c8617c78ba2828051e9a69511644ce86ce83e",
                "sha256:c8c6c72d4a9f831f328efb1312642a1cafafaa88981d9ab76368d50d07d93cbe",
                "sha256:cd7837b2b734ca72959a1caf3309457a318c934abef7a43a14bb984e574bbb9a",
                "sha256:cdd9ec98f0063d93baeb01aad472a1a0840dee302842a2746a7a8e92968f9575",
                "sha256:d1cfc92db6af1fd37a7bb58e55c8383b4aa1ba23d012bdbba26b4bcca45ac297",
                "sha256:d1d2c6b7dd618c41e202c59c1413ef9b2c8e8a15f5039e344af64195459e3104",
                "sha256:d2984cb6caaf05294b8466966627e80bf6c7afd273279077679cb010acb0e5ab",
                "sha256:d58e8c51a7cf43090d124d5073bc29ab2755822181fcad978b12e144e5e5a4b3",
                "sha256:d78f269e0c4fd365fc2992c00353e4530d274ba68f15e968d8bc3c69ce5f5244",
                "sha256:dcfaf015b79d1f9f9c9fd0731a907407dc3e45769262d657d754c3a028586124",
                "sha256:e44ccb93f30c75dfc0c3aa3ce38f33486a75ec9abadabd4e59f114994a9c4617",
                "sha256:e509cbc488c735b43b5ffea175235cec24bbc57b227ef1acc691725beb230d1c"
            ],
            "index": "pypi",
            "markers": "python_version < '3.13' and python_version >= '3.9'",
            "version": "==1.26.1"
        },
        "packaging": {
            "hashes": [
                "sha256:09abb1bccd265c01f4a3aa3f7a7db064b36514d2cba19a2f694fe6150451a759",
                "sha256:c228a6dc5e932d346bc5739379109d49e8853dd8223571c7c5b55260edc0b97f"
            ],
            "markers": "python_version >= '3.8'",
            "version": "==24.2"
        },
        "pandas": {
            "hashes": [
                "sha256:062309c1b9ea12a50e8ce661145c6aab431b1e99530d3cd60640e255778bd43a",
                "sha256:15c0e1e02e93116177d29ff83e8b1619c93ddc9c49083f237d4312337a61165d",
                "sha256:1948ddde24197a0f7add2bdc4ca83bf2b1ef84a1bc8ccffd95eda17fd836ecb5",
                "sha256:1db71525a1538b30142094edb9adc10be3f3e176748cd7acc2240c2f2e5aa3a4",
                "sha256:22a9d949bfc9a502d320aa04e5d02feab689d61da4e7764b62c30b991c42c5f0",
                "sha256:29401dbfa9ad77319367d36940cd8a0b3a11aba16063e39632d98b0e931ddf32",
                "sha256:31d0ced62d4ea3e231a9f228366919a5ea0b07440d9d4dac345376fd8e1477ea",
                "sha256:3508d914817e153ad359d7e069d752cdd736a247c322d932eb89e6bc84217f28",
                "sha256:37e0aced3e8f539eccf2e099f65cdb9c8aa85109b0be6e93e2baff94264bdc6f",
                "sha256:381175499d3802cde0eabbaf6324cce0c4f5d52ca6f8c377c29ad442f50f6348",
                "sha256:38cf8125c40dae9d5acc10fa66af8ea6fdf760b2714ee482ca691fc66e6fcb18",
                "sha256:3b71f27954685ee685317063bf13c7709a7ba74fc996b84fc6821c59b0f06468",
                "sha256:3fc6873a41186404dad67245896a6e440baacc92f5b716ccd1bc9ed2995ab2c5",
                "sha256:4850ba03528b6dd51d6c5d273c46f183f39a9baf3f0143e566b89450965b105e",
                "sha256:4f18ba62b61d7e192368b84517265a99b4d7ee8912f8708660fb4a366cc82667",
                "sha256:56534ce0746a58afaf7942ba4863e0ef81c9c50d3f0ae93e9497d6a41a057645",
                "sha256:59ef3764d0fe818125a5097d2ae867ca3fa64df032331b7e0917cf5d7bf66b13",
                "sha256:5dbca4c1acd72e8eeef4753eeca07de9b1db4f398669d5994086f788a5d7cc30",
                "sha256:5de54125a92bb4d1c051c0659e6fcb75256bf799a732a87184e5ea503965bce3",
                "sha256:61c5ad4043f791b61dd4752191d9f07f0ae412515d59ba8f005832a532f8736d",
                "sha256:6374c452ff3ec675a8f46fd9ab25c4ad0ba590b71cf0656f8b6daa5202bca3fb",
                "sha256:63cc132e40a2e084cf01adf0775b15ac515ba905d7dcca47e9a251819c575ef3",
                "sha256:66108071e1b935240e74525006034333f98bcdb87ea116de573a6a0dccb6c039",
                "sha256:6dfcb5ee8d4d50c06a51c2fffa6cff6272098ad6540aed1a76d15fb9318194d8",
                "sha256:7c2875855b0ff77b2a64a0365e24455d9990730d6431b9e0ee18ad8acee13dbd",
                "sha256:7eee9e7cea6adf3e3d24e304ac6b8300646e2a5d1cd3a3c2abed9101b0846761",
                "sha256:800250ecdadb6d9c78eae4990da62743b857b470883fa27f652db8bdde7f6659",
                "sha256:86976a1c5b25ae3f8ccae3a5306e443569ee3c3faf444dfd0f41cda24667ad57",
                "sha256:8cd6d7cc958a3910f934ea8dbdf17b2364827bb4dafc38ce6eef6bb3d65ff09c",
                "sha256:99df71520d25fade9db7c1076ac94eb994f4d2673ef2aa2e86ee039b6746d20c",
                "sha256:a5a1595fe639f5988ba6a8e5bc9649af3baf26df3998a0abe56c02609392e0a4",
                "sha256:ad5b65698ab28ed8d7f18790a0dc58005c7629f227be9ecc1072aa74c0c1d43a",
                "sha256:b1d432e8d08679a40e2a6d8b2f9770a5c21793a6f9f47fdd52c5ce1948a5a8a9",
                "sha256:b8661b0238a69d7aafe156b7fa86c44b881387509653fdf857bebc5e4008ad42",
                "sha256:ba96630bc17c875161df3818780af30e43be9b166ce51c9a18c1feae342906c2",
                "sha256:bc6b93f9b966093cb0fd62ff1a7e4c09e6d546ad7c1de191767baffc57628f39",
                "sha256:c124333816c3a9b03fbeef3a9f230ba9a737e9e5bb4060aa2107a86cc0a497fc",
                "sha256:cd8d0c3be0515c12fed0bdbae072551c8b54b7192c7b1fda0ba56059a0179698",
                "sha256:d9c45366def9a3dd85a6454c0e7908f2b3b8e9c138f5dc38fed7ce720d8453ed",
                "sha256:f00d1345d84d8c86a63e476bb4955e46458b304b9575dcf71102b5c705320015",
                "sha256:f3a255b2c19987fbbe62a9dfd6cff7ff2aa9ccab3fc75218fd4b7530f01efa24",
                "sha256:fffb8ae78d8af97f849404f21411c95062db1496aeb3e56f146f0355c9989319"
            ],
            "markers": "python_version >= '3.9'",
            "version": "==2.2.3"
        },
        "pluggy": {
            "hashes": [
                "sha256:2cffa88e94fdc978c4c574f15f9e59b7f4201d439195c3715ca9e2486f1d0cf1",
                "sha256:44e1ad92c8ca002de6377e165f3e0f1be63266ab4d554740532335b9d75ea669"
            ],
            "markers": "python_version >= '3.8'",
            "version": "==1.5.0"
        },
        "pytest": {
            "hashes": [
                "sha256:50e16d954148559c9a74109af1eaf0c945ba2d8f30f0a3d3335edde19788b6f6",
                "sha256:965370d062bce11e73868e0335abac31b4d3de0e82f4007408d242b4f8610761"
            ],
            "index": "pypi",
            "markers": "python_version >= '3.8'",
            "version": "==8.3.4"
        },
        "python-dateutil": {
            "hashes": [
                "sha256:37dd54208da7e1cd875388217d5e00ebd4179249f90fb72437e91a35459a0ad3",
                "sha256:a8b2bc7bffae282281c8140a97d3aa9c14da0b136dfe83f850eea9a5f7470427"
            ],
            "markers": "python_version >= '2.7' and python_version not in '3.0, 3.1, 3.2, 3.3'",
            "version": "==2.9.0.post0"
        },
        "pytz": {
            "hashes": [
                "sha256:2aa355083c50a0f93fa581709deac0c9ad65cca8a9e9beac660adcbd493c798a",
                "sha256:31c7c1817eb7fae7ca4b8c7ee50c72f93aa2dd863de768e1ef4245d426aa0725"
            ],
            "version": "==2024.2"
        },
        "pyyaml": {
            "hashes": [
                "sha256:01179a4a8559ab5de078078f37e5c1a30d76bb88519906844fd7bdea1b7729ff",
                "sha256:0833f8694549e586547b576dcfaba4a6b55b9e96098b36cdc7ebefe667dfed48",
                "sha256:0a9a2848a5b7feac301353437eb7d5957887edbf81d56e903999a75a3d743086",
                "sha256:0b69e4ce7a131fe56b7e4d770c67429700908fc0752af059838b1cfb41960e4e",
                "sha256:0ffe8360bab4910ef1b9e87fb812d8bc0a308b0d0eef8c8f44e0254ab3b07133",
                "sha256:11d8f3dd2b9c1207dcaf2ee0bbbfd5991f571186ec9cc78427ba5bd32afae4b5",
                "sha256:17e311b6c678207928d649faa7cb0d7b4c26a0ba73d41e99c4fff6b6c3276484",
                "sha256:1e2120ef853f59c7419231f3bf4e7021f1b936f6ebd222406c3b60212205d2ee",
                "sha256:1f71ea527786de97d1a0cc0eacd1defc0985dcf6b3f17bb77dcfc8c34bec4dc5",
                "sha256:23502f431948090f597378482b4812b0caae32c22213aecf3b55325e049a6c68",
                "sha256:24471b829b3bf607e04e88d79542a9d48bb037c2267d7927a874e6c205ca7e9a",
                "sha256:29717114e51c84ddfba879543fb232a6ed60086602313ca38cce623c1d62cfbf",
                "sha256:2e99c6826ffa974fe6e27cdb5ed0021786b03fc98e5ee3c5bfe1fd5015f42b99",
                "sha256:39693e1f8320ae4f43943590b49779ffb98acb81f788220ea932a6b6c51004d8",
                "sha256:3ad2a3decf9aaba3d29c8f537ac4b243e36bef957511b4766cb0057d32b0be85",
                "sha256:3b1fdb9dc17f5a7677423d508ab4f243a726dea51fa5e70992e59a7411c89d19",
                "sha256:41e4e3953a79407c794916fa277a82531dd93aad34e29c2a514c2c0c5fe971cc",
                "sha256:43fa96a3ca0d6b1812e01ced1044a003533c47f6ee8aca31724f78e93ccc089a",
                "sha256:50187695423ffe49e2deacb8cd10510bc361faac997de9efef88badc3bb9e2d1",
                "sha256:5ac9328ec4831237bec75defaf839f7d4564be1e6b25ac710bd1a96321cc8317",
                "sha256:5d225db5a45f21e78dd9358e58a98702a0302f2659a3c6cd320564b75b86f47c",
                "sha256:6395c297d42274772abc367baaa79683958044e5d3835486c16da75d2a694631",
                "sha256:688ba32a1cffef67fd2e9398a2efebaea461578b0923624778664cc1c914db5d",
                "sha256:68ccc6023a3400877818152ad9a1033e3db8625d899c72eacb5a668902e4d652",
                "sha256:70b189594dbe54f75ab3a1acec5f1e3faa7e8cf2f1e08d9b561cb41b845f69d5",
                "sha256:797b4f722ffa07cc8d62053e4cff1486fa6dc094105d13fea7b1de7d8bf71c9e",
                "sha256:7c36280e6fb8385e520936c3cb3b8042851904eba0e58d277dca80a5cfed590b",
                "sha256:7e7401d0de89a9a855c839bc697c079a4af81cf878373abd7dc625847d25cbd8",
                "sha256:80bab7bfc629882493af4aa31a4cfa43a4c57c83813253626916b8c7ada83476",
                "sha256:82d09873e40955485746739bcb8b4586983670466c23382c19cffecbf1fd8706",
                "sha256:8388ee1976c416731879ac16da0aff3f63b286ffdd57cdeb95f3f2e085687563",
                "sha256:8824b5a04a04a047e72eea5cec3bc266db09e35de6bdfe34c9436ac5ee27d237",
                "sha256:8b9c7197f7cb2738065c481a0461e50ad02f18c78cd75775628afb4d7137fb3b",
                "sha256:9056c1ecd25795207ad294bcf39f2db3d845767be0ea6e6a34d856f006006083",
                "sha256:936d68689298c36b53b29f23c6dbb74de12b4ac12ca6cfe0e047bedceea56180",
                "sha256:9b22676e8097e9e22e36d6b7bda33190d0d400f345f23d4065d48f4ca7ae0425",
                "sha256:a4d3091415f010369ae4ed1fc6b79def9416358877534caf6a0fdd2146c87a3e",
                "sha256:a8786accb172bd8afb8be14490a16625cbc387036876ab6ba70912730faf8e1f",
                "sha256:a9f8c2e67970f13b16084e04f134610fd1d374bf477b17ec1599185cf611d725",
                "sha256:bc2fa7c6b47d6bc618dd7fb02ef6fdedb1090ec036abab80d4681424b84c1183",
                "sha256:c70c95198c015b85feafc136515252a261a84561b7b1d51e3384e0655ddf25ab",
                "sha256:cc1c1159b3d456576af7a3e4d1ba7e6924cb39de8f67111c735f6fc832082774",
                "sha256:ce826d6ef20b1bc864f0a68340c8b3287705cae2f8b4b1d932177dcc76721725",
                "sha256:d584d9ec91ad65861cc08d42e834324ef890a082e591037abe114850ff7bbc3e",
                "sha256:d7fded462629cfa4b685c5416b949ebad6cec74af5e2d42905d41e257e0869f5",
                "sha256:d84a1718ee396f54f3a086ea0a66d8e552b2ab2017ef8b420e92edbc841c352d",
                "sha256:d8e03406cac8513435335dbab54c0d385e4a49e4945d2909a581c83647ca0290",
                "sha256:e10ce637b18caea04431ce14fabcf5c64a1c61ec9c56b071a4b7ca131ca52d44",
                "sha256:ec031d5d2feb36d1d1a24380e4db6d43695f3748343d99434e6f5f9156aaa2ed",
                "sha256:ef6107725bd54b262d6dedcc2af448a266975032bc85ef0172c5f059da6325b4",
                "sha256:efdca5630322a10774e8e98e1af481aad470dd62c3170801852d752aa7a783ba",
                "sha256:f753120cb8181e736c57ef7636e83f31b9c0d1722c516f7e86cf15b7aa57ff12",
                "sha256:ff3824dc5261f50c9b0dfb3be22b4567a6f938ccce4587b38952d85fd9e9afe4"
            ],
            "index": "pypi",
            "markers": "python_version >= '3.8'",
            "version": "==6.0.2"
        },
        "six": {
            "hashes": [
                "sha256:4721f391ed90541fddacab5acf947aa0d3dc7d27b2e1e8eda2be8970586c3274",
                "sha256:ff70335d468e7eb6ec65b95b99d3a2836546063f63acc5171de367e834932a81"
            ],
            "markers": "python_version >= '2.7' and python_version not in '3.0, 3.1, 3.2, 3.3'",
            "version": "==1.17.0"
        },
        "tzdata": {
            "hashes": [
                "sha256:7d85cc416e9382e69095b7bdf4afd9e3880418a2413feec7069d533d6b4e31cc",
                "sha256:a48093786cdcde33cad18c2555e8532f34422074448fbc874186f0abd79565cd"
            ],
            "markers": "python_version >= '2'",
            "version": "==2024.2"
        },
        "xarray": {
            "hashes": [
                "sha256:5c1db19efdde61db7faedad8fc944f4e29698fb6fbd578d352668b63598bd1d8",
                "sha256:ca2bc4da2bf2e7879e15862a7a7c3fc76ad19f6a08931d030220cef39a29118d"
            ],
            "index": "pypi",
            "markers": "python_version >= '3.9'",
            "version": "==2024.3.0"
        }
    },
    "develop": {}
}
